# THIS IS AN AUTOGENERATED FILE. DO NOT EDIT THIS FILE DIRECTLY.
# yarn lockfile v1


object-assign@^4.1.1:
  version "4.1.1"
  resolved "https://registry.yarnpkg.com/object-assign/-/object-assign-4.1.1.tgz#2109adc7965887cfc05cbbd442cac8bfbb360863"
  integrity sha1-IQmtx5ZYh8/AXLvUQsrIv7s2CGM=

prop-types@^15.5.10, prop-types@^15.5.8:
  version "15.7.1"
  resolved "https://registry.yarnpkg.com/prop-types/-/prop-types-15.7.1.tgz#2fa61e0a699d428b40320127733ee2931f05d9d1"
  integrity sha512-f8Lku2z9kERjOCcnDOPm68EBJAO2K00Q5mSgPAUE/gJuBgsYLbVy6owSrtcHj90zt8PvW+z0qaIIgsIhHOa1Qw==
  dependencies:
    object-assign "^4.1.1"
    react-is "^16.8.1"

react-is@^16.8.1:
  version "16.8.1"
  resolved "https://registry.yarnpkg.com/react-is/-/react-is-16.8.1.tgz#a80141e246eb894824fb4f2901c0c50ef31d4cdb"
  integrity sha512-ioMCzVDWvCvKD8eeT+iukyWrBGrA3DiFYkXfBsVYIRdaREZuBjENG+KjrikavCLasozqRWTwFUagU/O4vPpRMA==

react-native-image-progress@^1.1.1:
  version "1.1.1"
  resolved "https://registry.yarnpkg.com/react-native-image-progress/-/react-native-image-progress-1.1.1.tgz#95bbe0875c7ebd54286df69cb37b598b94c54eb0"
  integrity sha512-5rI2UjUo1bJoggU3lZAa+Wv29bm+N322XVR49mxfczfhaOyFdoXMIRgd5x2eXG+RQi9PcLleD6wxVDxGAPPO9Q==
  dependencies:
    prop-types "^15.5.10"

react-native-progress@^3.5.0:
  version "3.5.0"
  resolved "https://registry.yarnpkg.com/react-native-progress/-/react-native-progress-3.5.0.tgz#d1ccc7f96dc17c609aedb43b2e6695d67deae0ec"
  integrity sha512-Tgc002D0BGes1fTlObu/qNItlsTPYKFrF9XRQaJLme77TNxNX9I04sgIz3kaq8O4R+z/jlai64dk1HDEDQhzMA==
  dependencies:
    prop-types "^15.5.8"
